
Microsoft Visual Studio Solution File, Format Version 12.00
Project("{FAE04EC0-301F-11D3-BF4B-00C04F79EFBC}") = "Issuer.ConsoleApp", "Issuer.ConsoleApp\Issuer.ConsoleApp.csproj", "{EF199558-78E5-409D-BFD2-211E4F9A6A13}"
EndProject
Project("{FAE04EC0-301F-11D3-BF4B-00C04F79EFBC}") = "Issuer.BusinessLogic", "Issuer.BusinessLogic\Issuer.BusinessLogic.csproj", "{DDD198D1-CD49-4D7D-AF79-D50EFDA4C3A6}"
EndProject
Global
	GlobalSection(SolutionConfigurationPlatforms) = preSolution
		Debug|Any CPU = Debug|Any CPU
		Release|Any CPU = Release|Any CPU
	EndGlobalSection
	GlobalSection(ProjectConfigurationPlatforms) = postSolution
		{EF199558-78E5-409D-BFD2-211E4F9A6A13}.Debug|Any CPU.ActiveCfg = Debug|Any CPU
		{EF199558-78E5-409D-BFD2-211E4F9A6A13}.Debug|Any CPU.Build.0 = Debug|Any CPU
		{EF199558-78E5-409D-BFD2-211E4F9A6A13}.Release|Any CPU.ActiveCfg = Release|Any CPU
		{EF199558-78E5-409D-BFD2-211E4F9A6A13}.Release|Any CPU.Build.0 = Release|Any CPU
		{DDD198D1-CD49-4D7D-AF79-D50EFDA4C3A6}.Debug|Any CPU.ActiveCfg = Debug|Any CPU
		{DDD198D1-CD49-4D7D-AF79-D50EFDA4C3A6}.Debug|Any CPU.Build.0 = Debug|Any CPU
		{DDD198D1-CD49-4D7D-AF79-D50EFDA4C3A6}.Release|Any CPU.ActiveCfg = Release|Any CPU
		{DDD198D1-CD49-4D7D-AF79-D50EFDA4C3A6}.Release|Any CPU.Build.0 = Release|Any CPU
	EndGlobalSection
EndGlobal
